# THIS IS AN AUTOGENERATED FILE. DO NOT EDIT THIS FILE DIRECTLY.
# yarn lockfile v1


shrugging-logging@*:
  version "0.0.1-security"
  resolved "https://registry.yarnpkg.com/shrugging-logging/-/shrugging-logging-0.0.1-security.tgz#107e2b302adeba1f983ae330289bf694235c5109"
  integrity sha512-+jRAY+9QdFhJRzxCnUFWeQEfivpZR+kq1sn0Bgv+aYONVU1ePBHRGsJ7A4Pywz8WxMcMbz14MXKHWo933tMNKg==
